
Microsoft Visual Studio Solution File, Format Version 12.00
# Visual Studio Version 17
VisualStudioVersion = 17.10.34902.84
MinimumVisualStudioVersion = 10.0.40219.1
Project("{FAE04EC0-301F-11D3-BF4B-00C04F79EFBC}") = "lab2", "lab2\lab2.csproj", "{8341F203-5874-4F34-8B9F-A82FEC185C2D}"
EndProject
Global
	GlobalSection(SolutionConfigurationPlatforms) = preSolution
		Debug|Any CPU = Debug|Any CPU
		Release|Any CPU = Release|Any CPU
	EndGlobalSection
	GlobalSection(ProjectConfigurationPlatforms) = postSolution
		{8341F203-5874-4F34-8B9F-A82FEC185C2D}.Debug|Any CPU.ActiveCfg = Debug|Any CPU
		{8341F203-5874-4F34-8B9F-A82FEC185C2D}.Debug|Any CPU.Build.0 = Debug|Any CPU
		{8341F203-5874-4F34-8B9F-A82FEC185C2D}.Release|Any CPU.ActiveCfg = Release|Any CPU
		{8341F203-5874-4F34-8B9F-A82FEC185C2D}.Release|Any CPU.Build.0 = Release|Any CPU
	EndGlobalSection
	GlobalSection(SolutionProperties) = preSolution
		HideSolutionNode = FALSE
	EndGlobalSection
	GlobalSection(ExtensibilityGlobals) = postSolution
		SolutionGuid = {6D89A7B2-56B3-4A9C-A088-186E7108E767}
	EndGlobalSection
EndGlobal
